
Microsoft Visual Studio Solution File, Format Version 12.00
# Visual Studio 15
Project("{FAE04EC0-301F-11D3-BF4B-00C04F79EFBC}") = "cse170.Android", "cse170.Android\cse170.Android.csproj", "{FA6997C8-A5DD-41A0-8801-349129E4CDD7}"
EndProject
Project("{FAE04EC0-301F-11D3-BF4B-00C04F79EFBC}") = "cse170.iOS", "cse170.iOS\cse170.iOS.csproj", "{222BDC93-4A27-4FBC-BC81-030079C6CE65}"
EndProject
Global
	GlobalSection(SolutionConfigurationPlatforms) = preSolution
		Debug|Any CPU = Debug|Any CPU
		Release|Any CPU = Release|Any CPU
		Debug|iPhoneSimulator = Debug|iPhoneSimulator
		Release|iPhoneSimulator = Release|iPhoneSimulator
		Debug|iPhone = Debug|iPhone
		Release|iPhone = Release|iPhone
		Ad-Hoc|iPhone = Ad-Hoc|iPhone
		AppStore|iPhone = AppStore|iPhone
	EndGlobalSection
	GlobalSection(ProjectConfigurationPlatforms) = postSolution
		{FA6997C8-A5DD-41A0-8801-349129E4CDD7}.Debug|Any CPU.ActiveCfg = Debug|Any CPU
		{FA6997C8-A5DD-41A0-8801-349129E4CDD7}.Debug|Any CPU.Build.0 = Debug|Any CPU
		{FA6997C8-A5DD-41A0-8801-349129E4CDD7}.Release|Any CPU.ActiveCfg = Release|Any CPU
		{FA6997C8-A5DD-41A0-8801-349129E4CDD7}.Release|Any CPU.Build.0 = Release|Any CPU
		{FA6997C8-A5DD-41A0-8801-349129E4CDD7}.Debug|iPhoneSimulator.ActiveCfg = Debug|Any CPU
		{FA6997C8-A5DD-41A0-8801-349129E4CDD7}.Debug|iPhoneSimulator.Build.0 = Debug|Any CPU
		{FA6997C8-A5DD-41A0-8801-349129E4CDD7}.Release|iPhoneSimulator.ActiveCfg = Release|Any CPU
		{FA6997C8-A5DD-41A0-8801-349129E4CDD7}.Release|iPhoneSimulator.Build.0 = Release|Any CPU
		{FA6997C8-A5DD-41A0-8801-349129E4CDD7}.Debug|iPhone.ActiveCfg = Debug|Any CPU
		{FA6997C8-A5DD-41A0-8801-349129E4CDD7}.Debug|iPhone.Build.0 = Debug|Any CPU
		{FA6997C8-A5DD-41A0-8801-349129E4CDD7}.Release|iPhone.ActiveCfg = Release|Any CPU
		{FA6997C8-A5DD-41A0-8801-349129E4CDD7}.Release|iPhone.Build.0 = Release|Any CPU
		{FA6997C8-A5DD-41A0-8801-349129E4CDD7}.Ad-Hoc|iPhone.ActiveCfg = Debug|Any CPU
		{FA6997C8-A5DD-41A0-8801-349129E4CDD7}.Ad-Hoc|iPhone.Build.0 = Debug|Any CPU
		{FA6997C8-A5DD-41A0-8801-349129E4CDD7}.AppStore|iPhone.ActiveCfg = Debug|Any CPU
		{FA6997C8-A5DD-41A0-8801-349129E4CDD7}.AppStore|iPhone.Build.0 = Debug|Any CPU
		{222BDC93-4A27-4FBC-BC81-030079C6CE65}.Debug|Any CPU.ActiveCfg = Debug|iPhoneSimulator
		{222BDC93-4A27-4FBC-BC81-030079C6CE65}.Debug|Any CPU.Build.0 = Debug|iPhoneSimulator
		{222BDC93-4A27-4FBC-BC81-030079C6CE65}.Release|Any CPU.ActiveCfg = Release|iPhoneSimulator
		{222BDC93-4A27-4FBC-BC81-030079C6CE65}.Release|Any CPU.Build.0 = Release|iPhoneSimulator
		{222BDC93-4A27-4FBC-BC81-030079C6CE65}.Debug|iPhoneSimulator.ActiveCfg = Debug|iPhoneSimulator
		{222BDC93-4A27-4FBC-BC81-030079C6CE65}.Debug|iPhoneSimulator.Build.0 = Debug|iPhoneSimulator
		{222BDC93-4A27-4FBC-BC81-030079C6CE65}.Release|iPhoneSimulator.ActiveCfg = Release|iPhoneSimulator
		{222BDC93-4A27-4FBC-BC81-030079C6CE65}.Release|iPhoneSimulator.Build.0 = Release|iPhoneSimulator
		{222BDC93-4A27-4FBC-BC81-030079C6CE65}.Debug|iPhone.ActiveCfg = Debug|iPhone
		{222BDC93-4A27-4FBC-BC81-030079C6CE65}.Debug|iPhone.Build.0 = Debug|iPhone
		{222BDC93-4A27-4FBC-BC81-030079C6CE65}.Release|iPhone.ActiveCfg = Release|iPhone
		{222BDC93-4A27-4FBC-BC81-030079C6CE65}.Release|iPhone.Build.0 = Release|iPhone
		{222BDC93-4A27-4FBC-BC81-030079C6CE65}.Ad-Hoc|iPhone.ActiveCfg = Ad-Hoc|iPhone
		{222BDC93-4A27-4FBC-BC81-030079C6CE65}.Ad-Hoc|iPhone.Build.0 = Ad-Hoc|iPhone
		{222BDC93-4A27-4FBC-BC81-030079C6CE65}.AppStore|iPhone.ActiveCfg = AppStore|iPhone
		{222BDC93-4A27-4FBC-BC81-030079C6CE65}.AppStore|iPhone.Build.0 = AppStore|iPhone
	EndGlobalSection
EndGlobal
